
Microsoft Visual Studio Solution File, Format Version 12.00
# Visual Studio Version 17
VisualStudioVersion = 17.1.32228.430
MinimumVisualStudioVersion = 10.0.40219.1
Project("{FAE04EC0-301F-11D3-BF4B-00C04F79EFBC}") = "ReceiptParser", "ReceiptParser\ReceiptParser.csproj", "{5D080D91-6E9E-488B-90F4-615C179DA21F}"
EndProject
Global
	GlobalSection(SolutionConfigurationPlatforms) = preSolution
		Debug|Any CPU = Debug|Any CPU
		Release|Any CPU = Release|Any CPU
	EndGlobalSection
	GlobalSection(ProjectConfigurationPlatforms) = postSolution
		{5D080D91-6E9E-488B-90F4-615C179DA21F}.Debug|Any CPU.ActiveCfg = Debug|Any CPU
		{5D080D91-6E9E-488B-90F4-615C179DA21F}.Debug|Any CPU.Build.0 = Debug|Any CPU
		{5D080D91-6E9E-488B-90F4-615C179DA21F}.Release|Any CPU.ActiveCfg = Release|Any CPU
		{5D080D91-6E9E-488B-90F4-615C179DA21F}.Release|Any CPU.Build.0 = Release|Any CPU
	EndGlobalSection
	GlobalSection(SolutionProperties) = preSolution
		HideSolutionNode = FALSE
	EndGlobalSection
	GlobalSection(ExtensibilityGlobals) = postSolution
		SolutionGuid = {7E29DC0C-48EE-4BFB-AE49-C9EE12D1D083}
	EndGlobalSection
EndGlobal
